// !$*UTF8*$!
{
	archiveVersion = 1;
	classes = {
	};
	objectVersion = 46;
	objects = {

/* Begin PBXBuildFile section */
		0B98660C1A442B8C00573A7E /* PriorityQueue.swift in Sources */ = {isa = PBXBuildFile; fileRef = 0B98660B1A442B8C00573A7E /* PriorityQueue.swift */; };
		0BD367931A42C60E00CCB332 /* GlowPriorityQueue.m in Sources */ = {isa = PBXBuildFile; fileRef = 0BD367921A42C60E00CCB332 /* GlowPriorityQueue.m */; };
		0BD367A51A42CC7A00CCB332 /* GlowPriorityQueueTests.swift in Sources */ = {isa = PBXBuildFile; fileRef = 0BD367A41A42CC7A00CCB332 /* GlowPriorityQueueTests.swift */; };
		9171F5721946D8DA0039C50E /* main.swift in Sources */ = {isa = PBXBuildFile; fileRef = 9171F5711946D8DA0039C50E /* main.swift */; };
		9171F5741946D8DA0039C50E /* ViewController.swift in Sources */ = {isa = PBXBuildFile; fileRef = 9171F5731946D8DA0039C50E /* ViewController.swift */; };
		9171F5761946D8DA0039C50E /* AppDelegate.swift in Sources */ = {isa = PBXBuildFile; fileRef = 9171F5751946D8DA0039C50E /* AppDelegate.swift */; };
		9171F5781946D8DA0039C50E /* Images.xcassets in Resources */ = {isa = PBXBuildFile; fileRef = 9171F5771946D8DA0039C50E /* Images.xcassets */; };
		9171F57B1946D8DA0039C50E /* Main.storyboard in Resources */ = {isa = PBXBuildFile; fileRef = 9171F5791946D8DA0039C50E /* Main.storyboard */; };
		9171F5911946D8F70039C50E /* Configuration.swift in Sources */ = {isa = PBXBuildFile; fileRef = 9171F5901946D8F70039C50E /* Configuration.swift */; };
/* End PBXBuildFile section */

/* Begin PBXContainerItemProxy section */
		0BD3679E1A42CC5300CCB332 /* PBXContainerItemProxy */ = {
			isa = PBXContainerItemProxy;
			containerPortal = 9171F5641946D8D90039C50E /* Project object */;
			proxyType = 1;
			remoteGlobalIDString = 9171F56B1946D8DA0039C50E;
			remoteInfo = Glow;
		};
/* End PBXContainerItemProxy section */

/* Begin PBXFileReference section */
		0B98660B1A442B8C00573A7E /* PriorityQueue.swift */ = {isa = PBXFileReference; fileEncoding = 4; lastKnownFileType = sourcecode.swift; path = PriorityQueue.swift; sourceTree = "<group>"; };
		0BD367901A42C60D00CCB332 /* Glow-Bridging-Header.h */ = {isa = PBXFileReference; lastKnownFileType = sourcecode.c.h; path = "Glow-Bridging-Header.h"; sourceTree = "<group>"; };
		0BD367911A42C60E00CCB332 /* GlowPriorityQueue.h */ = {isa = PBXFileReference; fileEncoding = 4; lastKnownFileType = sourcecode.c.h; name = GlowPriorityQueue.h; path = GlowPriorityQueue/GlowPriorityQueue.h; sourceTree = "<group>"; };
		0BD367921A42C60E00CCB332 /* GlowPriorityQueue.m */ = {isa = PBXFileReference; fileEncoding = 4; lastKnownFileType = sourcecode.c.objc; name = GlowPriorityQueue.m; path = GlowPriorityQueue/GlowPriorityQueue.m; sourceTree = "<group>"; };
		0BD367981A42CC5300CCB332 /* Glow Tests.xctest */ = {isa = PBXFileReference; explicitFileType = wrapper.cfbundle; includeInIndex = 0; path = "Glow Tests.xctest"; sourceTree = BUILT_PRODUCTS_DIR; };
		0BD3679B1A42CC5300CCB332 /* Info.plist */ = {isa = PBXFileReference; lastKnownFileType = text.plist.xml; path = Info.plist; sourceTree = "<group>"; };
		0BD367A31A42CC7A00CCB332 /* Glow Tests-Bridging-Header.h */ = {isa = PBXFileReference; lastKnownFileType = sourcecode.c.h; path = "Glow Tests-Bridging-Header.h"; sourceTree = "<group>"; };
		0BD367A41A42CC7A00CCB332 /* GlowPriorityQueueTests.swift */ = {isa = PBXFileReference; fileEncoding = 4; lastKnownFileType = sourcecode.swift; path = GlowPriorityQueueTests.swift; sourceTree = "<group>"; };
		9171F56C1946D8DA0039C50E /* Glow.app */ = {isa = PBXFileReference; explicitFileType = wrapper.application; includeInIndex = 0; path = Glow.app; sourceTree = BUILT_PRODUCTS_DIR; };
		9171F5701946D8DA0039C50E /* Info.plist */ = {isa = PBXFileReference; lastKnownFileType = text.plist.xml; path = Info.plist; sourceTree = "<group>"; };
		9171F5711946D8DA0039C50E /* main.swift */ = {isa = PBXFileReference; lastKnownFileType = sourcecode.swift; path = main.swift; sourceTree = "<group>"; };
		9171F5731946D8DA0039C50E /* ViewController.swift */ = {isa = PBXFileReference; lastKnownFileType = sourcecode.swift; path = ViewController.swift; sourceTree = "<group>"; };
		9171F5751946D8DA0039C50E /* AppDelegate.swift */ = {isa = PBXFileReference; lastKnownFileType = sourcecode.swift; path = AppDelegate.swift; sourceTree = "<group>"; };
		9171F5771946D8DA0039C50E /* Images.xcassets */ = {isa = PBXFileReference; lastKnownFileType = folder.assetcatalog; path = Images.xcassets; sourceTree = "<group>"; };
		9171F57A1946D8DA0039C50E /* Base */ = {isa = PBXFileReference; lastKnownFileType = file.storyboard; name = Base; path = Base.lproj/Main.storyboard; sourceTree = "<group>"; };
		9171F5901946D8F70039C50E /* Configuration.swift */ = {isa = PBXFileReference; fileEncoding = 4; lastKnownFileType = sourcecode.swift; path = Configuration.swift; sourceTree = "<group>"; };
		91B4BF27194DC571006C14C2 /* Score.playground */ = {isa = PBXFileReference; lastKnownFileType = file.playground; path = Score.playground; sourceTree = "<group>"; };
/* End PBXFileReference section */

/* Begin PBXFrameworksBuildPhase section */
		0BD367951A42CC5300CCB332 /* Frameworks */ = {
			isa = PBXFrameworksBuildPhase;
			buildActionMask = 2147483647;
			files = (
			);
			runOnlyForDeploymentPostprocessing = 0;
		};
		9171F5691946D8DA0039C50E /* Frameworks */ = {
			isa = PBXFrameworksBuildPhase;
			buildActionMask = 2147483647;
			files = (
			);
			runOnlyForDeploymentPostprocessing = 0;
		};
/* End PBXFrameworksBuildPhase section */

/* Begin PBXGroup section */
		0BD3678F1A42C5EB00CCB332 /* GlowPriorityQueue */ = {
			isa = PBXGroup;
			children = (
				0BD367911A42C60E00CCB332 /* GlowPriorityQueue.h */,
				0BD367921A42C60E00CCB332 /* GlowPriorityQueue.m */,
			);
			name = GlowPriorityQueue;
			sourceTree = "<group>";
		};
		0BD367991A42CC5300CCB332 /* Glow Tests */ = {
			isa = PBXGroup;
			children = (
				0BD3679A1A42CC5300CCB332 /* Supporting Files */,
				0BD367A41A42CC7A00CCB332 /* GlowPriorityQueueTests.swift */,
				0BD367A31A42CC7A00CCB332 /* Glow Tests-Bridging-Header.h */,
			);
			path = "Glow Tests";
			sourceTree = "<group>";
		};
		0BD3679A1A42CC5300CCB332 /* Supporting Files */ = {
			isa = PBXGroup;
			children = (
				0BD3679B1A42CC5300CCB332 /* Info.plist */,
			);
			name = "Supporting Files";
			sourceTree = "<group>";
		};
		9171F5631946D8D90039C50E = {
			isa = PBXGroup;
			children = (
				0BD367901A42C60D00CCB332 /* Glow-Bridging-Header.h */,
				0BD3678F1A42C5EB00CCB332 /* GlowPriorityQueue */,
				9171F56E1946D8DA0039C50E /* Glow */,
				0BD367991A42CC5300CCB332 /* Glow Tests */,
				9171F56D1946D8DA0039C50E /* Products */,
			);
			sourceTree = "<group>";
		};
		9171F56D1946D8DA0039C50E /* Products */ = {
			isa = PBXGroup;
			children = (
				9171F56C1946D8DA0039C50E /* Glow.app */,
				0BD367981A42CC5300CCB332 /* Glow Tests.xctest */,
			);
			name = Products;
			sourceTree = "<group>";
		};
		9171F56E1946D8DA0039C50E /* Glow */ = {
			isa = PBXGroup;
			children = (
				9171F5751946D8DA0039C50E /* AppDelegate.swift */,
				9171F5901946D8F70039C50E /* Configuration.swift */,
				0B98660B1A442B8C00573A7E /* PriorityQueue.swift */,
				9171F5731946D8DA0039C50E /* ViewController.swift */,
				9171F5791946D8DA0039C50E /* Main.storyboard */,
				9171F56F1946D8DA0039C50E /* Supporting Files */,
			);
			path = Glow;
			sourceTree = "<group>";
		};
		9171F56F1946D8DA0039C50E /* Supporting Files */ = {
			isa = PBXGroup;
			children = (
				91B4BF27194DC571006C14C2 /* Score.playground */,
				9171F5771946D8DA0039C50E /* Images.xcassets */,
				9171F5701946D8DA0039C50E /* Info.plist */,
				9171F5711946D8DA0039C50E /* main.swift */,
			);
			name = "Supporting Files";
			sourceTree = "<group>";
		};
/* End PBXGroup section */

/* Begin PBXNativeTarget section */
		0BD367971A42CC5300CCB332 /* Glow Tests */ = {
			isa = PBXNativeTarget;
			buildConfigurationList = 0BD367A01A42CC5300CCB332 /* Build configuration list for PBXNativeTarget "Glow Tests" */;
			buildPhases = (
				0BD367941A42CC5300CCB332 /* Sources */,
				0BD367951A42CC5300CCB332 /* Frameworks */,
				0BD367961A42CC5300CCB332 /* Resources */,
			);
			buildRules = (
			);
			dependencies = (
				0BD3679F1A42CC5300CCB332 /* PBXTargetDependency */,
			);
			name = "Glow Tests";
			productName = "Glow Tests";
			productReference = 0BD367981A42CC5300CCB332 /* Glow Tests.xctest */;
			productType = "com.apple.product-type.bundle.unit-test";
		};
		9171F56B1946D8DA0039C50E /* Glow */ = {
			isa = PBXNativeTarget;
			buildConfigurationList = 9171F58A1946D8DA0039C50E /* Build configuration list for PBXNativeTarget "Glow" */;
			buildPhases = (
				9171F5681946D8DA0039C50E /* Sources */,
				9171F5691946D8DA0039C50E /* Frameworks */,
				9171F56A1946D8DA0039C50E /* Resources */,
				910A3EDE1953225C00E3C1D4 /* ShellScript */,
			);
			buildRules = (
			);
			dependencies = (
			);
			name = Glow;
			productName = Glow;
			productReference = 9171F56C1946D8DA0039C50E /* Glow.app */;
			productType = "com.apple.product-type.application";
		};
/* End PBXNativeTarget section */

/* Begin PBXProject section */
		9171F5641946D8D90039C50E /* Project object */ = {
			isa = PBXProject;
			attributes = {
				LastUpgradeCheck = 0600;
				ORGANIZATIONNAME = eyeplum.com;
				TargetAttributes = {
					0BD367971A42CC5300CCB332 = {
						CreatedOnToolsVersion = 6.1.1;
						TestTargetID = 9171F56B1946D8DA0039C50E;
					};
					9171F56B1946D8DA0039C50E = {
						CreatedOnToolsVersion = 6.0;
					};
				};
			};
			buildConfigurationList = 9171F5671946D8D90039C50E /* Build configuration list for PBXProject "Glow" */;
			compatibilityVersion = "Xcode 3.2";
			developmentRegion = English;
			hasScannedForEncodings = 0;
			knownRegions = (
				en,
				Base,
			);
			mainGroup = 9171F5631946D8D90039C50E;
			productRefGroup = 9171F56D1946D8DA0039C50E /* Products */;
			projectDirPath = "";
			projectRoot = "";
			targets = (
				9171F56B1946D8DA0039C50E /* Glow */,
				0BD367971A42CC5300CCB332 /* Glow Tests */,
			);
		};
/* End PBXProject section */

/* Begin PBXResourcesBuildPhase section */
		0BD367961A42CC5300CCB332 /* Resources */ = {
			isa = PBXResourcesBuildPhase;
			buildActionMask = 2147483647;
			files = (
			);
			runOnlyForDeploymentPostprocessing = 0;
		};
		9171F56A1946D8DA0039C50E /* Resources */ = {
			isa = PBXResourcesBuildPhase;
			buildActionMask = 2147483647;
			files = (
				9171F5781946D8DA0039C50E /* Images.xcassets in Resources */,
				9171F57B1946D8DA0039C50E /* Main.storyboard in Resources */,
			);
			runOnlyForDeploymentPostprocessing = 0;
		};
/* End PBXResourcesBuildPhase section */

/* Begin PBXShellScriptBuildPhase section */
		910A3EDE1953225C00E3C1D4 /* ShellScript */ = {
			isa = PBXShellScriptBuildPhase;
			buildActionMask = 2147483647;
			files = (
			);
			inputPaths = (
			);
			outputPaths = (
			);
			runOnlyForDeploymentPostprocessing = 0;
			shellPath = /bin/sh;
			shellScript = "GIT=/usr/bin/git\n\nINFO_PLIST=$BUILT_PRODUCTS_DIR/$WRAPPER_NAME/Contents/Info.plist\n\nBUILD_SUFIX=\"\"\n\nif [ $CONFIGURATION == Debug ]\nthen\nBUILD_SUFIX=\"D\"\nfi\n\n/usr/libexec/PlistBuddy -c \"Set :CFBundleVersion `$GIT rev-list HEAD --count`$BUILD_SUFIX\"  \"$INFO_PLIST\"";
		};
/* End PBXShellScriptBuildPhase section */

/* Begin PBXSourcesBuildPhase section */
		0BD367941A42CC5300CCB332 /* Sources */ = {
			isa = PBXSourcesBuildPhase;
			buildActionMask = 2147483647;
			files = (
				0BD367A51A42CC7A00CCB332 /* GlowPriorityQueueTests.swift in Sources */,
			);
			runOnlyForDeploymentPostprocessing = 0;
		};
		9171F5681946D8DA0039C50E /* Sources */ = {
			isa = PBXSourcesBuildPhase;
			buildActionMask = 2147483647;
			files = (
				9171F5761946D8DA0039C50E /* AppDelegate.swift in Sources */,
				0BD367931A42C60E00CCB332 /* GlowPriorityQueue.m in Sources */,
				9171F5741946D8DA0039C50E /* ViewController.swift in Sources */,
				9171F5911946D8F70039C50E /* Configuration.swift in Sources */,
				9171F5721946D8DA0039C50E /* main.swift in Sources */,
				0B98660C1A442B8C00573A7E /* PriorityQueue.swift in Sources */,
			);
			runOnlyForDeploymentPostprocessing = 0;
		};
/* End PBXSourcesBuildPhase section */

/* Begin PBXTargetDependency section */
		0BD3679F1A42CC5300CCB332 /* PBXTargetDependency */ = {
			isa = PBXTargetDependency;
			target = 9171F56B1946D8DA0039C50E /* Glow */;
			targetProxy = 0BD3679E1A42CC5300CCB332 /* PBXContainerItemProxy */;
		};
/* End PBXTargetDependency section */

/* Begin PBXVariantGroup section */
		9171F5791946D8DA0039C50E /* Main.storyboard */ = {
			isa = PBXVariantGroup;
			children = (
				9171F57A1946D8DA0039C50E /* Base */,
			);
			name = Main.storyboard;
			sourceTree = "<group>";
		};
/* End PBXVariantGroup section */

/* Begin XCBuildConfiguration section */
		0BD367A11A42CC5300CCB332 /* Debug */ = {
			isa = XCBuildConfiguration;
			buildSettings = {
				BUNDLE_LOADER = "$(TEST_HOST)";
				CLANG_ENABLE_MODULES = YES;
				COMBINE_HIDPI_IMAGES = YES;
				FRAMEWORK_SEARCH_PATHS = (
					"$(DEVELOPER_FRAMEWORKS_DIR)",
					"$(inherited)",
				);
				GCC_PREPROCESSOR_DEFINITIONS = (
					"DEBUG=1",
					"$(inherited)",
				);
				INFOPLIST_FILE = "Glow Tests/Info.plist";
				LD_RUNPATH_SEARCH_PATHS = "$(inherited) @executable_path/../Frameworks @loader_path/../Frameworks";
				MTL_ENABLE_DEBUG_INFO = YES;
				PRODUCT_NAME = "$(TARGET_NAME)";
				SWIFT_OBJC_BRIDGING_HEADER = "Glow Tests/Glow Tests-Bridging-Header.h";
				SWIFT_OPTIMIZATION_LEVEL = "-Onone";
				TEST_HOST = "$(BUILT_PRODUCTS_DIR)/Glow.app/Contents/MacOS/Glow";
			};
			name = Debug;
		};
		0BD367A21A42CC5300CCB332 /* Release */ = {
			isa = XCBuildConfiguration;
			buildSettings = {
				BUNDLE_LOADER = "$(TEST_HOST)";
				CLANG_ENABLE_MODULES = YES;
				COMBINE_HIDPI_IMAGES = YES;
				FRAMEWORK_SEARCH_PATHS = (
					"$(DEVELOPER_FRAMEWORKS_DIR)",
					"$(inherited)",
				);
				INFOPLIST_FILE = "Glow Tests/Info.plist";
				LD_RUNPATH_SEARCH_PATHS = "$(inherited) @executable_path/../Frameworks @loader_path/../Frameworks";
				MTL_ENABLE_DEBUG_INFO = NO;
				PRODUCT_NAME = "$(TARGET_NAME)";
				SWIFT_OBJC_BRIDGING_HEADER = "Glow Tests/Glow Tests-Bridging-Header.h";
				TEST_HOST = "$(BUILT_PRODUCTS_DIR)/Glow.app/Contents/MacOS/Glow";
			};
			name = Release;
		};
		9171F5881946D8DA0039C50E /* Debug */ = {
			isa = XCBuildConfiguration;
			buildSettings = {
				ALWAYS_SEARCH_USER_PATHS = NO;
				CLANG_CXX_LANGUAGE_STANDARD = "gnu++0x";
				CLANG_CXX_LIBRARY = "libc++";
				CLANG_ENABLE_MODULES = YES;
				CLANG_ENABLE_OBJC_ARC = YES;
				CLANG_WARN_BOOL_CONVERSION = YES;
				CLANG_WARN_CONSTANT_CONVERSION = YES;
				CLANG_WARN_DIRECT_OBJC_ISA_USAGE = YES_ERROR;
				CLANG_WARN_EMPTY_BODY = YES;
				CLANG_WARN_ENUM_CONVERSION = YES;
				CLANG_WARN_INT_CONVERSION = YES;
				CLANG_WARN_OBJC_ROOT_CLASS = YES_ERROR;
				CLANG_WARN_UNREACHABLE_CODE = YES;
				CLANG_WARN__DUPLICATE_METHOD_MATCH = YES;
				CODE_SIGN_IDENTITY = "-";
				COPY_PHASE_STRIP = NO;
				ENABLE_STRICT_OBJC_MSGSEND = YES;
				GCC_C_LANGUAGE_STANDARD = gnu99;
				GCC_DYNAMIC_NO_PIC = NO;
				GCC_OPTIMIZATION_LEVEL = 0;
				GCC_PREPROCESSOR_DEFINITIONS = (
					"DEBUG=1",
					"$(inherited)",
				);
				GCC_SYMBOLS_PRIVATE_EXTERN = NO;
				GCC_WARN_64_TO_32_BIT_CONVERSION = YES;
				GCC_WARN_ABOUT_RETURN_TYPE = YES_ERROR;
				GCC_WARN_UNDECLARED_SELECTOR = YES;
				GCC_WARN_UNINITIALIZED_AUTOS = YES_AGGRESSIVE;
				GCC_WARN_UNUSED_FUNCTION = YES;
				GCC_WARN_UNUSED_VARIABLE = YES;
				MACOSX_DEPLOYMENT_TARGET = 10.10;
				METAL_ENABLE_DEBUG_INFO = YES;
				ONLY_ACTIVE_ARCH = YES;
				SDKROOT = macosx;
				SWIFT_OPTIMIZATION_LEVEL = "-Onone";
			};
			name = Debug;
		};
		9171F5891946D8DA0039C50E /* Release */ = {
			isa = XCBuildConfiguration;
			buildSettings = {
				ALWAYS_SEARCH_USER_PATHS = NO;
				CLANG_CXX_LANGUAGE_STANDARD = "gnu++0x";
				CLANG_CXX_LIBRARY = "libc++";
				CLANG_ENABLE_MODULES = YES;
				CLANG_ENABLE_OBJC_ARC = YES;
				CLANG_WARN_BOOL_CONVERSION = YES;
				CLANG_WARN_CONSTANT_CONVERSION = YES;
				CLANG_WARN_DIRECT_OBJC_ISA_USAGE = YES_ERROR;
				CLANG_WARN_EMPTY_BODY = YES;
				CLANG_WARN_ENUM_CONVERSION = YES;
				CLANG_WARN_INT_CONVERSION = YES;
				CLANG_WARN_OBJC_ROOT_CLASS = YES_ERROR;
				CLANG_WARN_UNREACHABLE_CODE = YES;
				CLANG_WARN__DUPLICATE_METHOD_MATCH = YES;
				CODE_SIGN_IDENTITY = "-";
				COPY_PHASE_STRIP = YES;
				DEBUG_INFORMATION_FORMAT = "dwarf-with-dsym";
				ENABLE_NS_ASSERTIONS = NO;
				ENABLE_STRICT_OBJC_MSGSEND = YES;
				GCC_C_LANGUAGE_STANDARD = gnu99;
				GCC_WARN_64_TO_32_BIT_CONVERSION = YES;
				GCC_WARN_ABOUT_RETURN_TYPE = YES_ERROR;
				GCC_WARN_UNDECLARED_SELECTOR = YES;
				GCC_WARN_UNINITIALIZED_AUTOS = YES_AGGRESSIVE;
				GCC_WARN_UNUSED_FUNCTION = YES;
				GCC_WARN_UNUSED_VARIABLE = YES;
				MACOSX_DEPLOYMENT_TARGET = 10.10;
				METAL_ENABLE_DEBUG_INFO = NO;
				SDKROOT = macosx;
			};
			name = Release;
		};
		9171F58B1946D8DA0039C50E /* Debug */ = {
			isa = XCBuildConfiguration;
			buildSettings = {
				ASSETCATALOG_COMPILER_APPICON_NAME = AppIcon;
				CLANG_ENABLE_MODULES = YES;
				COMBINE_HIDPI_IMAGES = YES;
				INFOPLIST_FILE = Glow/Info.plist;
				LD_RUNPATH_SEARCH_PATHS = "$(inherited) @executable_path/../Frameworks";
				PRODUCT_NAME = "$(TARGET_NAME)";
				SWIFT_OBJC_BRIDGING_HEADER = "Glow-Bridging-Header.h";
				SWIFT_OPTIMIZATION_LEVEL = "-Onone";
			};
			name = Debug;
		};
		9171F58C1946D8DA0039C50E /* Release */ = {
			isa = XCBuildConfiguration;
			buildSettings = {
				ASSETCATALOG_COMPILER_APPICON_NAME = AppIcon;
				CLANG_ENABLE_MODULES = YES;
				COMBINE_HIDPI_IMAGES = YES;
				INFOPLIST_FILE = Glow/Info.plist;
				LD_RUNPATH_SEARCH_PATHS = "$(inherited) @executable_path/../Frameworks";
				PRODUCT_NAME = "$(TARGET_NAME)";
				SWIFT_OBJC_BRIDGING_HEADER = "Glow-Bridging-Header.h";
			};
			name = Release;
		};
/* End XCBuildConfiguration section */

/* Begin XCConfigurationList section */
		0BD367A01A42CC5300CCB332 /* Build configuration list for PBXNativeTarget "Glow Tests" */ = {
			isa = XCConfigurationList;
			buildConfigurations = (
				0BD367A11A42CC5300CCB332 /* Debug */,
				0BD367A21A42CC5300CCB332 /* Release */,
			);
			defaultConfigurationIsVisible = 0;
			defaultConfigurationName = Release;
		};
		9171F5671946D8D90039C50E /* Build configuration list for PBXProject "Glow" */ = {
			isa = XCConfigurationList;
			buildConfigurations = (
				9171F5881946D8DA0039C50E /* Debug */,
				9171F5891946D8DA0039C50E /* Release */,
			);
			defaultConfigurationIsVisible = 0;
			defaultConfigurationName = Release;
		};
		9171F58A1946D8DA0039C50E /* Build configuration list for PBXNativeTarget "Glow" */ = {
			isa = XCConfigurationList;
			buildConfigurations = (
				9171F58B1946D8DA0039C50E /* Debug */,
				9171F58C1946D8DA0039C50E /* Release */,
			);
			defaultConfigurationIsVisible = 0;
			defaultConfigurationName = Release;
		};
/* End XCConfigurationList section */
	};
	rootObject = 9171F5641946D8D90039C50E /* Project object */;
}
